// !$*UTF8*$!
{
	archiveVersion = 1;
	classes = {
	};
	objectVersion = 45;
	objects = {

/* Begin PBXBuildFile section */
		2C11B421150A29A00018BB70 /* SystemConfiguration.framework in Frameworks */ = {isa = PBXBuildFile; fileRef = 2C11B420150A29A00018BB70 /* SystemConfiguration.framework */; };
		2C26A8D21085A88B007E7FDB /* TerminalControl.sdef in Resources */ = {isa = PBXBuildFile; fileRef = 2C9A5E9B0E8D3459009680D1 /* TerminalControl.sdef */; };
		2C26A8D41085A88B007E7FDB /* main.m in Sources */ = {isa = PBXBuildFile; fileRef = 2C9A5E790E8D3286009680D1 /* main.m */; };
		2C26A8D51085A88B007E7FDB /* AEUtils.c in Sources */ = {isa = PBXBuildFile; fileRef = 2C9A5E7C0E8D3313009680D1 /* AEUtils.c */; };
		2C26A8D81085A88B007E7FDB /* TerminalControl.r in Rez */ = {isa = PBXBuildFile; fileRef = 2C9A5ECD0E8D3BB5009680D1 /* TerminalControl.r */; };
		2C26A8DA1085A88B007E7FDB /* Cocoa.framework in Frameworks */ = {isa = PBXBuildFile; fileRef = 1058C7ADFEA557BF11CA2CBB /* Cocoa.framework */; };
		2C26A8DB1085A88B007E7FDB /* Carbon.framework in Frameworks */ = {isa = PBXBuildFile; fileRef = 2C9A5E970E8D336C009680D1 /* Carbon.framework */; };
		2C9A5E7A0E8D3286009680D1 /* main.m in Sources */ = {isa = PBXBuildFile; fileRef = 2C9A5E790E8D3286009680D1 /* main.m */; };
		2C9A5E7E0E8D3313009680D1 /* AEUtils.c in Sources */ = {isa = PBXBuildFile; fileRef = 2C9A5E7C0E8D3313009680D1 /* AEUtils.c */; };
		2C9A5E980E8D336C009680D1 /* Carbon.framework in Frameworks */ = {isa = PBXBuildFile; fileRef = 2C9A5E970E8D336C009680D1 /* Carbon.framework */; };
		2C9A5E9C0E8D3459009680D1 /* TerminalControl.sdef in Resources */ = {isa = PBXBuildFile; fileRef = 2C9A5E9B0E8D3459009680D1 /* TerminalControl.sdef */; };
		2C9A5ECE0E8D3BC1009680D1 /* TerminalControl.r in Rez */ = {isa = PBXBuildFile; fileRef = 2C9A5ECD0E8D3BB5009680D1 /* TerminalControl.r */; };
		2CE4835F157B4E960053D446 /* SystemConfiguration.framework in Frameworks */ = {isa = PBXBuildFile; fileRef = 2C11B420150A29A00018BB70 /* SystemConfiguration.framework */; };
		8D5B49B4048680CD000E48DA /* Cocoa.framework in Frameworks */ = {isa = PBXBuildFile; fileRef = 1058C7ADFEA557BF11CA2CBB /* Cocoa.framework */; };
/* End PBXBuildFile section */

/* Begin PBXFileReference section */
		089C1672FE841209C02AAC07 /* Foundation.framework */ = {isa = PBXFileReference; lastKnownFileType = wrapper.framework; name = Foundation.framework; path = /System/Library/Frameworks/Foundation.framework; sourceTree = "<absolute>"; };
		089C167FFE841241C02AAC07 /* AppKit.framework */ = {isa = PBXFileReference; lastKnownFileType = wrapper.framework; name = AppKit.framework; path = /System/Library/Frameworks/AppKit.framework; sourceTree = "<absolute>"; };
		1058C7ADFEA557BF11CA2CBB /* Cocoa.framework */ = {isa = PBXFileReference; lastKnownFileType = wrapper.framework; name = Cocoa.framework; path = /System/Library/Frameworks/Cocoa.framework; sourceTree = "<absolute>"; };
		2C11B420150A29A00018BB70 /* SystemConfiguration.framework */ = {isa = PBXFileReference; lastKnownFileType = wrapper.framework; name = SystemConfiguration.framework; path = System/Library/Frameworks/SystemConfiguration.framework; sourceTree = SDKROOT; };
		2C26A8E01085A88B007E7FDB /* TerminalControl.osax */ = {isa = PBXFileReference; explicitFileType = wrapper.cfbundle; includeInIndex = 0; path = TerminalControl.osax; sourceTree = BUILT_PRODUCTS_DIR; };
		2C26A8E11085A88B007E7FDB /* Info_10_5.plist */ = {isa = PBXFileReference; lastKnownFileType = text.plist.xml; path = Info_10_5.plist; sourceTree = "<group>"; };
		2C348BE510CFD19A004EBDA1 /* History.rd */ = {isa = PBXFileReference; fileEncoding = 4; lastKnownFileType = text; name = History.rd; path = ../History.rd; sourceTree = SOURCE_ROOT; };
		2C5A4A53107C35A000828B7D /* TerminalInterface.h */ = {isa = PBXFileReference; fileEncoding = 4; lastKnownFileType = sourcecode.c.h; path = TerminalInterface.h; sourceTree = "<group>"; };
		2C9A5E790E8D3286009680D1 /* main.m */ = {isa = PBXFileReference; fileEncoding = 4; lastKnownFileType = sourcecode.c.objc; path = main.m; sourceTree = "<group>"; };
		2C9A5E7C0E8D3313009680D1 /* AEUtils.c */ = {isa = PBXFileReference; fileEncoding = 4; lastKnownFileType = sourcecode.c.c; path = AEUtils.c; sourceTree = "<group>"; };
		2C9A5E7D0E8D3313009680D1 /* AEUtils.h */ = {isa = PBXFileReference; fileEncoding = 4; lastKnownFileType = sourcecode.c.h; path = AEUtils.h; sourceTree = "<group>"; };
		2C9A5E970E8D336C009680D1 /* Carbon.framework */ = {isa = PBXFileReference; lastKnownFileType = wrapper.framework; name = Carbon.framework; path = /System/Library/Frameworks/Carbon.framework; sourceTree = "<absolute>"; };
		2C9A5E9B0E8D3459009680D1 /* TerminalControl.sdef */ = {isa = PBXFileReference; fileEncoding = 4; lastKnownFileType = text.sdef; path = TerminalControl.sdef; sourceTree = "<group>"; };
		2C9A5ECD0E8D3BB5009680D1 /* TerminalControl.r */ = {isa = PBXFileReference; fileEncoding = 4; lastKnownFileType = sourcecode.rez; path = TerminalControl.r; sourceTree = "<group>"; };
		32DBCF630370AF2F00C91783 /* TerminalControl_Prefix.pch */ = {isa = PBXFileReference; fileEncoding = 4; lastKnownFileType = sourcecode.c.h; path = TerminalControl_Prefix.pch; sourceTree = "<group>"; };
		8D5B49B6048680CD000E48DA /* TerminalControl.osax */ = {isa = PBXFileReference; explicitFileType = wrapper.cfbundle; includeInIndex = 0; path = TerminalControl.osax; sourceTree = BUILT_PRODUCTS_DIR; };
		8D5B49B7048680CD000E48DA /* Info_10_6.plist */ = {isa = PBXFileReference; fileEncoding = 4; lastKnownFileType = text.plist.xml; path = Info_10_6.plist; sourceTree = "<group>"; };
/* End PBXFileReference section */

/* Begin PBXFrameworksBuildPhase section */
		2C26A8D91085A88B007E7FDB /* Frameworks */ = {
			isa = PBXFrameworksBuildPhase;
			buildActionMask = 2147483647;
			files = (
				2C26A8DA1085A88B007E7FDB /* Cocoa.framework in Frameworks */,
				2C26A8DB1085A88B007E7FDB /* Carbon.framework in Frameworks */,
				2CE4835F157B4E960053D446 /* SystemConfiguration.framework in Frameworks */,
			);
			runOnlyForDeploymentPostprocessing = 0;
		};
		8D5B49B3048680CD000E48DA /* Frameworks */ = {
			isa = PBXFrameworksBuildPhase;
			buildActionMask = 2147483647;
			files = (
				8D5B49B4048680CD000E48DA /* Cocoa.framework in Frameworks */,
				2C9A5E980E8D336C009680D1 /* Carbon.framework in Frameworks */,
				2C11B421150A29A00018BB70 /* SystemConfiguration.framework in Frameworks */,
			);
			runOnlyForDeploymentPostprocessing = 0;
		};
/* End PBXFrameworksBuildPhase section */

/* Begin PBXGroup section */
		089C166AFE841209C02AAC07 /* TerminalTitle */ = {
			isa = PBXGroup;
			children = (
				2C348BE510CFD19A004EBDA1 /* History.rd */,
				2C9A5E7B0E8D3313009680D1 /* AEUtils */,
				08FB77AFFE84173DC02AAC07 /* Classes */,
				32C88E010371C26100C91783 /* Other Sources */,
				089C167CFE841241C02AAC07 /* Resources */,
				089C1671FE841209C02AAC07 /* Frameworks and Libraries */,
				19C28FB8FE9D52D311CA2CBB /* Products */,
			);
			name = TerminalTitle;
			sourceTree = "<group>";
		};
		089C1671FE841209C02AAC07 /* Frameworks and Libraries */ = {
			isa = PBXGroup;
			children = (
				1058C7ACFEA557BF11CA2CBB /* Linked Frameworks */,
				1058C7AEFEA557BF11CA2CBB /* Other Frameworks */,
			);
			name = "Frameworks and Libraries";
			sourceTree = "<group>";
		};
		089C167CFE841241C02AAC07 /* Resources */ = {
			isa = PBXGroup;
			children = (
				2C9A5E9B0E8D3459009680D1 /* TerminalControl.sdef */,
				2C9A5ECD0E8D3BB5009680D1 /* TerminalControl.r */,
				8D5B49B7048680CD000E48DA /* Info_10_6.plist */,
				2C26A8E11085A88B007E7FDB /* Info_10_5.plist */,
			);
			name = Resources;
			sourceTree = "<group>";
		};
		08FB77AFFE84173DC02AAC07 /* Classes */ = {
			isa = PBXGroup;
			children = (
				2C9A5E790E8D3286009680D1 /* main.m */,
				2C5A4A53107C35A000828B7D /* TerminalInterface.h */,
			);
			name = Classes;
			sourceTree = "<group>";
		};
		1058C7ACFEA557BF11CA2CBB /* Linked Frameworks */ = {
			isa = PBXGroup;
			children = (
				2C9A5E970E8D336C009680D1 /* Carbon.framework */,
				1058C7ADFEA557BF11CA2CBB /* Cocoa.framework */,
				2C11B420150A29A00018BB70 /* SystemConfiguration.framework */,
			);
			name = "Linked Frameworks";
			sourceTree = "<group>";
		};
		1058C7AEFEA557BF11CA2CBB /* Other Frameworks */ = {
			isa = PBXGroup;
			children = (
				089C167FFE841241C02AAC07 /* AppKit.framework */,
				089C1672FE841209C02AAC07 /* Foundation.framework */,
			);
			name = "Other Frameworks";
			sourceTree = "<group>";
		};
		19C28FB8FE9D52D311CA2CBB /* Products */ = {
			isa = PBXGroup;
			children = (
				8D5B49B6048680CD000E48DA /* TerminalControl.osax */,
				2C26A8E01085A88B007E7FDB /* TerminalControl.osax */,
			);
			name = Products;
			sourceTree = "<group>";
		};
		2C9A5E7B0E8D3313009680D1 /* AEUtils */ = {
			isa = PBXGroup;
			children = (
				2C9A5E7C0E8D3313009680D1 /* AEUtils.c */,
				2C9A5E7D0E8D3313009680D1 /* AEUtils.h */,
			);
			path = AEUtils;
			sourceTree = "<group>";
		};
		32C88E010371C26100C91783 /* Other Sources */ = {
			isa = PBXGroup;
			children = (
				32DBCF630370AF2F00C91783 /* TerminalControl_Prefix.pch */,
			);
			name = "Other Sources";
			sourceTree = "<group>";
		};
/* End PBXGroup section */

/* Begin PBXNativeTarget section */
		2C26A8CF1085A88B007E7FDB /* TerminalControl for 10.5 */ = {
			isa = PBXNativeTarget;
			buildConfigurationList = 2C26A8DD1085A88B007E7FDB /* Build configuration list for PBXNativeTarget "TerminalControl for 10.5" */;
			buildPhases = (
				2C5D9F3012FB77050003B78A /* ShellScript */,
				2C5DA05E12FB77B00003B78A /* ShellScript */,
				2C26A8D61085A88B007E7FDB /* ShellScript */,
				2C26A8D01085A88B007E7FDB /* Resources */,
				2C26A8D31085A88B007E7FDB /* Sources */,
				2C26A8D71085A88B007E7FDB /* Rez */,
				2C26A8D91085A88B007E7FDB /* Frameworks */,
			);
			buildRules = (
			);
			dependencies = (
			);
			name = "TerminalControl for 10.5";
			productInstallPath = "$(HOME)/Library/Bundles";
			productName = TerminalTitle;
			productReference = 2C26A8E01085A88B007E7FDB /* TerminalControl.osax */;
			productType = "com.apple.product-type.bundle";
		};
		8D5B49AC048680CD000E48DA /* TerminalControl */ = {
			isa = PBXNativeTarget;
			buildConfigurationList = 1DEB913A08733D840010E9CD /* Build configuration list for PBXNativeTarget "TerminalControl" */;
			buildPhases = (
				2C107CEB1515BFB30079EB71 /* ShellScript */,
				2C107CED1515C0120079EB71 /* ShellScript */,
				2C9A5EB00E8D39F2009680D1 /* ShellScript */,
				8D5B49AF048680CD000E48DA /* Resources */,
				8D5B49B1048680CD000E48DA /* Sources */,
				2C9A5EB80E8D3ACC009680D1 /* Rez */,
				8D5B49B3048680CD000E48DA /* Frameworks */,
			);
			buildRules = (
			);
			dependencies = (
			);
			name = TerminalControl;
			productInstallPath = "$(HOME)/Library/Bundles";
			productName = TerminalTitle;
			productReference = 8D5B49B6048680CD000E48DA /* TerminalControl.osax */;
			productType = "com.apple.product-type.bundle";
		};
/* End PBXNativeTarget section */

/* Begin PBXProject section */
		089C1669FE841209C02AAC07 /* Project object */ = {
			isa = PBXProject;
			buildConfigurationList = 1DEB913E08733D840010E9CD /* Build configuration list for PBXProject "TerminalControl" */;
			compatibilityVersion = "Xcode 3.1";
			developmentRegion = English;
			hasScannedForEncodings = 1;
			knownRegions = (
				English,
				Japanese,
				French,
				German,
			);
			mainGroup = 089C166AFE841209C02AAC07 /* TerminalTitle */;
			projectDirPath = "";
			projectRoot = "";
			targets = (
				8D5B49AC048680CD000E48DA /* TerminalControl */,
				2C26A8CF1085A88B007E7FDB /* TerminalControl for 10.5 */,
			);
		};
/* End PBXProject section */

/* Begin PBXResourcesBuildPhase section */
		2C26A8D01085A88B007E7FDB /* Resources */ = {
			isa = PBXResourcesBuildPhase;
			buildActionMask = 2147483647;
			files = (
				2C26A8D21085A88B007E7FDB /* TerminalControl.sdef in Resources */,
			);
			runOnlyForDeploymentPostprocessing = 0;
		};
		8D5B49AF048680CD000E48DA /* Resources */ = {
			isa = PBXResourcesBuildPhase;
			buildActionMask = 2147483647;
			files = (
				2C9A5E9C0E8D3459009680D1 /* TerminalControl.sdef in Resources */,
			);
			runOnlyForDeploymentPostprocessing = 0;
		};
/* End PBXResourcesBuildPhase section */

/* Begin PBXRezBuildPhase section */
		2C26A8D71085A88B007E7FDB /* Rez */ = {
			isa = PBXRezBuildPhase;
			buildActionMask = 2147483647;
			files = (
				2C26A8D81085A88B007E7FDB /* TerminalControl.r in Rez */,
			);
			runOnlyForDeploymentPostprocessing = 0;
		};
		2C9A5EB80E8D3ACC009680D1 /* Rez */ = {
			isa = PBXRezBuildPhase;
			buildActionMask = 2147483647;
			files = (
				2C9A5ECE0E8D3BC1009680D1 /* TerminalControl.r in Rez */,
			);
			runOnlyForDeploymentPostprocessing = 0;
		};
/* End PBXRezBuildPhase section */

/* Begin PBXShellScriptBuildPhase section */
		2C107CEB1515BFB30079EB71 /* ShellScript */ = {
			isa = PBXShellScriptBuildPhase;
			buildActionMask = 8;
			comments = "インストール前に、インストールされている product をゴミ箱に移動する。";
			files = (
			);
			inputPaths = (
			);
			outputPaths = (
			);
			runOnlyForDeploymentPostprocessing = 1;
			shellPath = /bin/sh;
			shellScript = "osascript <<EOS\ntry\ntell application \"Finder\"\n        set an_item to POSIX file \"${INSTALL_DIR}/${PRODUCT_NAME}\"\n        delete (an_item as alias)\nend tell\nend try\nreturn\nEOS\n";
		};
		2C107CED1515C0120079EB71 /* ShellScript */ = {
			isa = PBXShellScriptBuildPhase;
			buildActionMask = 2147483647;
			comments = "Info_10_6.plist を Resources にコピー";
			files = (
			);
			inputPaths = (
				"$(SRCROOT)/Info_10_6.plist",
				"$(SRCROOT)/Info_10_5.plist",
			);
			outputPaths = (
				"${BUILT_PRODUCTS_DIR}/${UNLOCALIZED_RESOURCES_FOLDER_PATH}/Info_10_6.plist",
				"${BUILT_PRODUCTS_DIR}/${UNLOCALIZED_RESOURCES_FOLDER_PATH}/Info_10_5.plist",
			);
			runOnlyForDeploymentPostprocessing = 0;
			shellPath = /bin/sh;
			shellScript = "plist=`cat \"${SCRIPT_INPUT_FILE_0}\"`\neval echo \\\"$plist\\\" > \"${SCRIPT_OUTPUT_FILE_0}\"\n\nplist=`cat \"${SCRIPT_INPUT_FILE_1}\"`\neval echo \\\"$plist\\\" > \"${SCRIPT_OUTPUT_FILE_1}\"\n";
		};
		2C26A8D61085A88B007E7FDB /* ShellScript */ = {
			isa = PBXShellScriptBuildPhase;
			buildActionMask = 2147483647;
			files = (
			);
			inputPaths = (
				"$(SRCROOT)/TerminalControl.sdef",
			);
			outputPaths = (
				"$(SRCROOT)/TerminalControl.r",
			);
			runOnlyForDeploymentPostprocessing = 0;
			shellPath = /bin/sh;
			shellScript = "/usr/bin/sdp -f a -o ${SRCROOT}/${PRODUCT_NAME}.r ${PRODUCT_NAME}.sdef";
		};
		2C5D9F3012FB77050003B78A /* ShellScript */ = {
			isa = PBXShellScriptBuildPhase;
			buildActionMask = 8;
			files = (
			);
			inputPaths = (
			);
			outputPaths = (
			);
			runOnlyForDeploymentPostprocessing = 1;
			shellPath = /bin/sh;
			shellScript = "osascript <<EOS\ntry\ntell application \"Finder\"\n        set an_item to POSIX file \"${INSTALL_DIR}/${PRODUCT_NAME}\"\n        delete (an_item as alias)\nend tell\nend try\nreturn\nEOS\n";
		};
		2C5DA05E12FB77B00003B78A /* ShellScript */ = {
			isa = PBXShellScriptBuildPhase;
			buildActionMask = 2147483647;
			files = (
			);
			inputPaths = (
				"$(SRCROOT)/Info_10_6.plist",
			);
			outputPaths = (
				"${BUILT_PRODUCTS_DIR}/${UNLOCALIZED_RESOURCES_FOLDER_PATH}/Info_10_6.plist",
			);
			runOnlyForDeploymentPostprocessing = 0;
			shellPath = /bin/sh;
			shellScript = "plist=`cat \"${SCRIPT_INPUT_FILE_0}\"`\neval echo \\\"$plist\\\" > \"${SCRIPT_OUTPUT_FILE_0}\"\n";
		};
		2C9A5EB00E8D39F2009680D1 /* ShellScript */ = {
			isa = PBXShellScriptBuildPhase;
			buildActionMask = 2147483647;
			files = (
			);
			inputPaths = (
				"$(SRCROOT)/TerminalControl.sdef",
			);
			outputPaths = (
				"$(SRCROOT)/TerminalControl.r",
			);
			runOnlyForDeploymentPostprocessing = 0;
			shellPath = /bin/sh;
			shellScript = "/usr/bin/sdp -f a -o ${SRCROOT}/${PRODUCT_NAME}.r ${PRODUCT_NAME}.sdef";
		};
/* End PBXShellScriptBuildPhase section */

/* Begin PBXSourcesBuildPhase section */
		2C26A8D31085A88B007E7FDB /* Sources */ = {
			isa = PBXSourcesBuildPhase;
			buildActionMask = 2147483647;
			files = (
				2C26A8D41085A88B007E7FDB /* main.m in Sources */,
				2C26A8D51085A88B007E7FDB /* AEUtils.c in Sources */,
			);
			runOnlyForDeploymentPostprocessing = 0;
		};
		8D5B49B1048680CD000E48DA /* Sources */ = {
			isa = PBXSourcesBuildPhase;
			buildActionMask = 2147483647;
			files = (
				2C9A5E7A0E8D3286009680D1 /* main.m in Sources */,
				2C9A5E7E0E8D3313009680D1 /* AEUtils.c in Sources */,
			);
			runOnlyForDeploymentPostprocessing = 0;
		};
/* End PBXSourcesBuildPhase section */

/* Begin XCBuildConfiguration section */
		1DEB913B08733D840010E9CD /* Debug */ = {
			isa = XCBuildConfiguration;
			buildSettings = {
				ALWAYS_SEARCH_USER_PATHS = NO;
				COPY_PHASE_STRIP = NO;
				CURRENT_PROJECT_VERSION = 13;
				GCC_DYNAMIC_NO_PIC = NO;
				GCC_ENABLE_FIX_AND_CONTINUE = YES;
				GCC_ENABLE_OBJC_GC = supported;
				GCC_MODEL_TUNING = G5;
				GCC_OPTIMIZATION_LEVEL = 0;
				GCC_PRECOMPILE_PREFIX_HEADER = YES;
				GCC_PREFIX_HEADER = TerminalControl_Prefix.pch;
				INFOPLIST_FILE = Info_10_6.plist;
				INSTALL_PATH = /Library/ScriptingAdditions;
				PRODUCT_NAME = TerminalControl;
				PRODUCT_VERSION = 1.3.2;
				VERSIONING_SYSTEM = "apple-generic";
				WRAPPER_EXTENSION = osax;
			};
			name = Debug;
		};
		1DEB913C08733D840010E9CD /* Release */ = {
			isa = XCBuildConfiguration;
			buildSettings = {
				ALWAYS_SEARCH_USER_PATHS = NO;
				CURRENT_PROJECT_VERSION = 13;
				DEBUG_INFORMATION_FORMAT = "dwarf-with-dsym";
				GCC_ENABLE_OBJC_GC = supported;
				GCC_MODEL_TUNING = G5;
				GCC_PRECOMPILE_PREFIX_HEADER = YES;
				GCC_PREFIX_HEADER = TerminalControl_Prefix.pch;
				INFOPLIST_FILE = Info_10_6.plist;
				INSTALL_PATH = /Library/ScriptingAdditions;
				PRODUCT_NAME = TerminalControl;
				PRODUCT_VERSION = 1.3.2;
				VERSIONING_SYSTEM = "apple-generic";
				WRAPPER_EXTENSION = osax;
			};
			name = Release;
		};
		1DEB913F08733D840010E9CD /* Debug */ = {
			isa = XCBuildConfiguration;
			buildSettings = {
				ARCHS = "$(ARCHS_STANDARD_32_64_BIT)";
				COPYRIGHT = "Copyright 2008-2016, Tetsuro KURITA";
				GCC_C_LANGUAGE_STANDARD = c99;
				GCC_OPTIMIZATION_LEVEL = 0;
				GCC_WARN_ABOUT_RETURN_TYPE = YES;
				GCC_WARN_UNUSED_VARIABLE = YES;
				ONLY_ACTIVE_ARCH = YES;
				PRODUCT_VERSION = 1.4;
				SDKROOT = macosx10.7;
			};
			name = Debug;
		};
		1DEB914008733D840010E9CD /* Release */ = {
			isa = XCBuildConfiguration;
			buildSettings = {
				ARCHS = "$(ARCHS_STANDARD_32_64_BIT)";
				COPYRIGHT = "Copyright 2008-2016, Tetsuro KURITA";
				GCC_C_LANGUAGE_STANDARD = c99;
				GCC_WARN_ABOUT_RETURN_TYPE = YES;
				GCC_WARN_UNUSED_VARIABLE = YES;
				PRODUCT_VERSION = 1.4;
				SDKROOT = macosx10.7;
			};
			name = Release;
		};
		2C26A8DE1085A88B007E7FDB /* Debug */ = {
			isa = XCBuildConfiguration;
			buildSettings = {
				ALWAYS_SEARCH_USER_PATHS = NO;
				COPY_PHASE_STRIP = NO;
				CURRENT_PROJECT_VERSION = 13;
				GCC_DYNAMIC_NO_PIC = NO;
				GCC_ENABLE_FIX_AND_CONTINUE = YES;
				GCC_MODEL_TUNING = G5;
				GCC_OPTIMIZATION_LEVEL = 0;
				GCC_PRECOMPILE_PREFIX_HEADER = YES;
				GCC_PREFIX_HEADER = TerminalControl_Prefix.pch;
				INFOPLIST_FILE = Info_10_5.plist;
				INSTALL_PATH = "$(HOME)/Library/ScriptingAdditions";
				PRODUCT_NAME = TerminalControl;
				SYMROOT = build_10_5;
				VERSIONING_SYSTEM = "apple-generic";
				WRAPPER_EXTENSION = osax;
			};
			name = Debug;
		};
		2C26A8DF1085A88B007E7FDB /* Release */ = {
			isa = XCBuildConfiguration;
			buildSettings = {
				ALWAYS_SEARCH_USER_PATHS = NO;
				DEBUG_INFORMATION_FORMAT = "dwarf-with-dsym";
				GCC_ENABLE_OBJC_GC = supported;
				GCC_MODEL_TUNING = G5;
				GCC_PRECOMPILE_PREFIX_HEADER = YES;
				GCC_PREFIX_HEADER = TerminalControl_Prefix.pch;
				INFOPLIST_FILE = Info_10_5.plist;
				INSTALL_PATH = /Library/ScriptingAdditions;
				PRODUCT_NAME = TerminalControl;
				PRODUCT_VERSION = 1.2.2;
				SYMROOT = build_10_5;
				WRAPPER_EXTENSION = osax;
			};
			name = Release;
		};
/* End XCBuildConfiguration section */

/* Begin XCConfigurationList section */
		1DEB913A08733D840010E9CD /* Build configuration list for PBXNativeTarget "TerminalControl" */ = {
			isa = XCConfigurationList;
			buildConfigurations = (
				1DEB913B08733D840010E9CD /* Debug */,
				1DEB913C08733D840010E9CD /* Release */,
			);
			defaultConfigurationIsVisible = 0;
			defaultConfigurationName = Release;
		};
		1DEB913E08733D840010E9CD /* Build configuration list for PBXProject "TerminalControl" */ = {
			isa = XCConfigurationList;
			buildConfigurations = (
				1DEB913F08733D840010E9CD /* Debug */,
				1DEB914008733D840010E9CD /* Release */,
			);
			defaultConfigurationIsVisible = 0;
			defaultConfigurationName = Release;
		};
		2C26A8DD1085A88B007E7FDB /* Build configuration list for PBXNativeTarget "TerminalControl for 10.5" */ = {
			isa = XCConfigurationList;
			buildConfigurations = (
				2C26A8DE1085A88B007E7FDB /* Debug */,
				2C26A8DF1085A88B007E7FDB /* Release */,
			);
			defaultConfigurationIsVisible = 0;
			defaultConfigurationName = Release;
		};
/* End XCConfigurationList section */
	};
	rootObject = 089C1669FE841209C02AAC07 /* Project object */;
}
